Microsoft Visual Studio Solution File, Format Version 12.00
# Visual Studio Version 17
VisualStudioVersion = 17.14.35906.104
MinimumVisualStudioVersion = 10.0.40219.1
Project("{FAE04EC0-301F-11D3-BF4B-00C04F79EFBC}") = "FrontendComponents", "Frontend\FrontendComponents.csproj", "{50B2CB9B-1F4F-4743-86CC-46D7E7C5438C}"
EndProject
Project("{FAE04EC0-301F-11D3-BF4B-00C04F79EFBC}") = "Intermediate", "Intermediate\Intermediate.csproj", "{40978F90-AD03-4532-B411-1CED6738B78E}"
EndProject
Project("{2150E333-8FDC-42A3-9474-1A3956D46DE8}") = "Solution Items", "Solution Items", "{02EA681E-C7D8-13C7-8484-4AC65E1B71E8}"
	ProjectSection(SolutionItems) = preProject
		.editorconfig = .editorconfig
	EndProjectSection
EndProject
Project("{FAE04EC0-301F-11D3-BF4B-00C04F79EFBC}") = "CommonInterfaces", "CommonInterfaces\CommonInterfaces.csproj", "{A632B15B-07DB-4D5C-8130-29F3137BA712}"
EndProject
Project("{FAE04EC0-301F-11D3-BF4B-00C04F79EFBC}") = "Messages", "Message\Messages.csproj", "{ACD441C5-57DB-4A15-BBEC-E7D0C56A1998}"
EndProject
Project("{FAE04EC0-301F-11D3-BF4B-00C04F79EFBC}") = "BackendComponents", "BackendComponents\BackendComponents.csproj", "{0073DC83-6296-491C-B1C9-F47F96E87343}"
EndProject
Project("{2150E333-8FDC-42A3-9474-1A3956D46DE8}") = "Programs", "Programs", "{D4BDC1BD-6642-464D-9162-D2D0CFB88217}"
EndProject
Project("{FAE04EC0-301F-11D3-BF4B-00C04F79EFBC}") = "List", "List\List.csproj", "{2BE47A47-FC43-45CA-931D-D8EB8559BCDC}"
EndProject
Project("{FAE04EC0-301F-11D3-BF4B-00C04F79EFBC}") = "Scan", "Scan\Scan.csproj", "{851296F4-A822-4AAC-B758-138F85DA1077}"
EndProject
Project("{FAE04EC0-301F-11D3-BF4B-00C04F79EFBC}") = "Utilities", "Utilities\Utilities.csproj", "{F930B7C0-02F0-477C-AE1D-981EBFEA1E27}"
EndProject
Project("{FAE04EC0-301F-11D3-BF4B-00C04F79EFBC}") = "Xref", "Xref\Xref.csproj", "{D03C98D4-B1ED-4725-8A23-CE3DD17A3D6D}"
EndProject
Project("{FAE04EC0-301F-11D3-BF4B-00C04F79EFBC}") = "AssignInterpreter", "ParseTree\AssignInterpreter.csproj", "{42A46C06-AD3E-43C1-997A-A99B3D429035}"
EndProject
Global
	GlobalSection(SolutionConfigurationPlatforms) = preSolution
		Debug|Any CPU = Debug|Any CPU
		Release|Any CPU = Release|Any CPU
	EndGlobalSection
	GlobalSection(ProjectConfigurationPlatforms) = postSolution
		{50B2CB9B-1F4F-4743-86CC-46D7E7C5438C}.Debug|Any CPU.ActiveCfg = Debug|Any CPU
		{50B2CB9B-1F4F-4743-86CC-46D7E7C5438C}.Debug|Any CPU.Build.0 = Debug|Any CPU
		{50B2CB9B-1F4F-4743-86CC-46D7E7C5438C}.Release|Any CPU.ActiveCfg = Release|Any CPU
		{50B2CB9B-1F4F-4743-86CC-46D7E7C5438C}.Release|Any CPU.Build.0 = Release|Any CPU
		{40978F90-AD03-4532-B411-1CED6738B78E}.Debug|Any CPU.ActiveCfg = Debug|Any CPU
		{40978F90-AD03-4532-B411-1CED6738B78E}.Debug|Any CPU.Build.0 = Debug|Any CPU
		{40978F90-AD03-4532-B411-1CED6738B78E}.Release|Any CPU.ActiveCfg = Release|Any CPU
		{40978F90-AD03-4532-B411-1CED6738B78E}.Release|Any CPU.Build.0 = Release|Any CPU
		{A632B15B-07DB-4D5C-8130-29F3137BA712}.Debug|Any CPU.ActiveCfg = Debug|Any CPU
		{A632B15B-07DB-4D5C-8130-29F3137BA712}.Debug|Any CPU.Build.0 = Debug|Any CPU
		{A632B15B-07DB-4D5C-8130-29F3137BA712}.Release|Any CPU.ActiveCfg = Release|Any CPU
		{A632B15B-07DB-4D5C-8130-29F3137BA712}.Release|Any CPU.Build.0 = Release|Any CPU
		{ACD441C5-57DB-4A15-BBEC-E7D0C56A1998}.Debug|Any CPU.ActiveCfg = Debug|Any CPU
		{ACD441C5-57DB-4A15-BBEC-E7D0C56A1998}.Debug|Any CPU.Build.0 = Debug|Any CPU
		{ACD441C5-57DB-4A15-BBEC-E7D0C56A1998}.Release|Any CPU.ActiveCfg = Release|Any CPU
		{ACD441C5-57DB-4A15-BBEC-E7D0C56A1998}.Release|Any CPU.Build.0 = Release|Any CPU
		{0073DC83-6296-491C-B1C9-F47F96E87343}.Debug|Any CPU.ActiveCfg = Debug|Any CPU
		{0073DC83-6296-491C-B1C9-F47F96E87343}.Debug|Any CPU.Build.0 = Debug|Any CPU
		{0073DC83-6296-491C-B1C9-F47F96E87343}.Release|Any CPU.ActiveCfg = Release|Any CPU
		{0073DC83-6296-491C-B1C9-F47F96E87343}.Release|Any CPU.Build.0 = Release|Any CPU
		{2BE47A47-FC43-45CA-931D-D8EB8559BCDC}.Debug|Any CPU.ActiveCfg = Debug|Any CPU
		{2BE47A47-FC43-45CA-931D-D8EB8559BCDC}.Debug|Any CPU.Build.0 = Debug|Any CPU
		{2BE47A47-FC43-45CA-931D-D8EB8559BCDC}.Release|Any CPU.ActiveCfg = Release|Any CPU
		{2BE47A47-FC43-45CA-931D-D8EB8559BCDC}.Release|Any CPU.Build.0 = Release|Any CPU
		{851296F4-A822-4AAC-B758-138F85DA1077}.Debug|Any CPU.ActiveCfg = Debug|Any CPU
		{851296F4-A822-4AAC-B758-138F85DA1077}.Debug|Any CPU.Build.0 = Debug|Any CPU
		{851296F4-A822-4AAC-B758-138F85DA1077}.Release|Any CPU.ActiveCfg = Release|Any CPU
		{851296F4-A822-4AAC-B758-138F85DA1077}.Release|Any CPU.Build.0 = Release|Any CPU
		{F930B7C0-02F0-477C-AE1D-981EBFEA1E27}.Debug|Any CPU.ActiveCfg = Debug|Any CPU
		{F930B7C0-02F0-477C-AE1D-981EBFEA1E27}.Debug|Any CPU.Build.0 = Debug|Any CPU
		{F930B7C0-02F0-477C-AE1D-981EBFEA1E27}.Release|Any CPU.ActiveCfg = Release|Any CPU
		{F930B7C0-02F0-477C-AE1D-981EBFEA1E27}.Release|Any CPU.Build.0 = Release|Any CPU
		{D03C98D4-B1ED-4725-8A23-CE3DD17A3D6D}.Debug|Any CPU.ActiveCfg = Debug|Any CPU
		{D03C98D4-B1ED-4725-8A23-CE3DD17A3D6D}.Debug|Any CPU.Build.0 = Debug|Any CPU
		{D03C98D4-B1ED-4725-8A23-CE3DD17A3D6D}.Release|Any CPU.ActiveCfg = Release|Any CPU
		{D03C98D4-B1ED-4725-8A23-CE3DD17A3D6D}.Release|Any CPU.Build.0 = Release|Any CPU
		{42A46C06-AD3E-43C1-997A-A99B3D429035}.Debug|Any CPU.ActiveCfg = Debug|Any CPU
		{42A46C06-AD3E-43C1-997A-A99B3D429035}.Debug|Any CPU.Build.0 = Debug|Any CPU
		{42A46C06-AD3E-43C1-997A-A99B3D429035}.Release|Any CPU.ActiveCfg = Release|Any CPU
		{42A46C06-AD3E-43C1-997A-A99B3D429035}.Release|Any CPU.Build.0 = Release|Any CPU
	EndGlobalSection
	GlobalSection(SolutionProperties) = preSolution
		HideSolutionNode = FALSE
	EndGlobalSection
	GlobalSection(NestedProjects) = preSolution
		{2BE47A47-FC43-45CA-931D-D8EB8559BCDC} = {D4BDC1BD-6642-464D-9162-D2D0CFB88217}
		{851296F4-A822-4AAC-B758-138F85DA1077} = {D4BDC1BD-6642-464D-9162-D2D0CFB88217}
		{D03C98D4-B1ED-4725-8A23-CE3DD17A3D6D} = {D4BDC1BD-6642-464D-9162-D2D0CFB88217}
		{42A46C06-AD3E-43C1-997A-A99B3D429035} = {D4BDC1BD-6642-464D-9162-D2D0CFB88217}
	EndGlobalSection
	GlobalSection(ExtensibilityGlobals) = postSolution
		SolutionGuid = {BE3DDB6E-2D8C-40F9-BBB0-0EACC10E0E72}
	EndGlobalSection
EndGlobal
