Microsoft Visual Studio Solution File, Format Version 12.00
# Visual Studio Version 17
VisualStudioVersion = 17.14.35906.104
MinimumVisualStudioVersion = 10.0.40219.1
Project("{FAE04EC0-301F-11D3-BF4B-00C04F79EFBC}") = "FrontendComponents", "Frontend\FrontendComponents.csproj", "{50B2CB9B-1F4F-4743-86CC-46D7E7C5438C}"
EndProject
Project("{FAE04EC0-301F-11D3-BF4B-00C04F79EFBC}") = "Intermediate", "Intermediate\Intermediate.csproj", "{40978F90-AD03-4532-B411-1CED6738B78E}"
EndProject
Project("{2150E333-8FDC-42A3-9474-1A3956D46DE8}") = "Solution Items", "Solution Items", "{02EA681E-C7D8-13C7-8484-4AC65E1B71E8}"
	ProjectSection(SolutionItems) = preProject
		.editorconfig = .editorconfig
	EndProjectSection
EndProject
Project("{FAE04EC0-301F-11D3-BF4B-00C04F79EFBC}") = "CommonInterfaces", "CommonInterfaces\CommonInterfaces.csproj", "{A632B15B-07DB-4D5C-8130-29F3137BA712}"
EndProject
Project("{FAE04EC0-301F-11D3-BF4B-00C04F79EFBC}") = "Messages", "Message\Messages.csproj", "{ACD441C5-57DB-4A15-BBEC-E7D0C56A1998}"
EndProject
Project("{FAE04EC0-301F-11D3-BF4B-00C04F79EFBC}") = "BackendComponents", "BackendComponents\BackendComponents.csproj", "{0073DC83-6296-491C-B1C9-F47F96E87343}"
EndProject
Global
	GlobalSection(SolutionConfigurationPlatforms) = preSolution
		Debug|Any CPU = Debug|Any CPU
		Release|Any CPU = Release|Any CPU
	EndGlobalSection
	GlobalSection(ProjectConfigurationPlatforms) = postSolution
		{50B2CB9B-1F4F-4743-86CC-46D7E7C5438C}.Debug|Any CPU.ActiveCfg = Debug|Any CPU
		{50B2CB9B-1F4F-4743-86CC-46D7E7C5438C}.Debug|Any CPU.Build.0 = Debug|Any CPU
		{50B2CB9B-1F4F-4743-86CC-46D7E7C5438C}.Release|Any CPU.ActiveCfg = Release|Any CPU
		{50B2CB9B-1F4F-4743-86CC-46D7E7C5438C}.Release|Any CPU.Build.0 = Release|Any CPU
		{40978F90-AD03-4532-B411-1CED6738B78E}.Debug|Any CPU.ActiveCfg = Debug|Any CPU
		{40978F90-AD03-4532-B411-1CED6738B78E}.Debug|Any CPU.Build.0 = Debug|Any CPU
		{40978F90-AD03-4532-B411-1CED6738B78E}.Release|Any CPU.ActiveCfg = Release|Any CPU
		{40978F90-AD03-4532-B411-1CED6738B78E}.Release|Any CPU.Build.0 = Release|Any CPU
		{A632B15B-07DB-4D5C-8130-29F3137BA712}.Debug|Any CPU.ActiveCfg = Debug|Any CPU
		{A632B15B-07DB-4D5C-8130-29F3137BA712}.Debug|Any CPU.Build.0 = Debug|Any CPU
		{A632B15B-07DB-4D5C-8130-29F3137BA712}.Release|Any CPU.ActiveCfg = Release|Any CPU
		{A632B15B-07DB-4D5C-8130-29F3137BA712}.Release|Any CPU.Build.0 = Release|Any CPU
		{ACD441C5-57DB-4A15-BBEC-E7D0C56A1998}.Debug|Any CPU.ActiveCfg = Debug|Any CPU
		{ACD441C5-57DB-4A15-BBEC-E7D0C56A1998}.Debug|Any CPU.Build.0 = Debug|Any CPU
		{ACD441C5-57DB-4A15-BBEC-E7D0C56A1998}.Release|Any CPU.ActiveCfg = Release|Any CPU
		{ACD441C5-57DB-4A15-BBEC-E7D0C56A1998}.Release|Any CPU.Build.0 = Release|Any CPU
		{0073DC83-6296-491C-B1C9-F47F96E87343}.Debug|Any CPU.ActiveCfg = Debug|Any CPU
		{0073DC83-6296-491C-B1C9-F47F96E87343}.Debug|Any CPU.Build.0 = Debug|Any CPU
		{0073DC83-6296-491C-B1C9-F47F96E87343}.Release|Any CPU.ActiveCfg = Release|Any CPU
		{0073DC83-6296-491C-B1C9-F47F96E87343}.Release|Any CPU.Build.0 = Release|Any CPU
	EndGlobalSection
	GlobalSection(SolutionProperties) = preSolution
		HideSolutionNode = FALSE
	EndGlobalSection
	GlobalSection(ExtensibilityGlobals) = postSolution
		SolutionGuid = {BE3DDB6E-2D8C-40F9-BBB0-0EACC10E0E72}
	EndGlobalSection
EndGlobal
